
Microsoft Visual Studio Solution File, Format Version 12.00
# Visual Studio 15
VisualStudioVersion = 15.0.27703.2026
MinimumVisualStudioVersion = 10.0.40219.1
Project("{FAE04EC0-301F-11D3-BF4B-00C04F79EFBC}") = "Jupiter.Api", "Jupiter.Api\Jupiter.Api.csproj", "{63EF482C-EDD8-40E9-BF9E-FF764EE40B14}"
EndProject
Project("{E53339B2-1760-4266-BCC7-CA923CBCF16C}") = "docker-compose", "docker-compose.dcproj", "{257AD042-7EFA-44DD-BD43-0073661FEE42}"
EndProject
Global
	GlobalSection(SolutionConfigurationPlatforms) = preSolution
		Debug|Any CPU = Debug|Any CPU
		Release|Any CPU = Release|Any CPU
	EndGlobalSection
	GlobalSection(ProjectConfigurationPlatforms) = postSolution
		{63EF482C-EDD8-40E9-BF9E-FF764EE40B14}.Debug|Any CPU.ActiveCfg = Debug|Any CPU
		{63EF482C-EDD8-40E9-BF9E-FF764EE40B14}.Debug|Any CPU.Build.0 = Debug|Any CPU
		{63EF482C-EDD8-40E9-BF9E-FF764EE40B14}.Release|Any CPU.ActiveCfg = Release|Any CPU
		{63EF482C-EDD8-40E9-BF9E-FF764EE40B14}.Release|Any CPU.Build.0 = Release|Any CPU
		{257AD042-7EFA-44DD-BD43-0073661FEE42}.Debug|Any CPU.ActiveCfg = Debug|Any CPU
		{257AD042-7EFA-44DD-BD43-0073661FEE42}.Debug|Any CPU.Build.0 = Debug|Any CPU
		{257AD042-7EFA-44DD-BD43-0073661FEE42}.Release|Any CPU.ActiveCfg = Release|Any CPU
		{257AD042-7EFA-44DD-BD43-0073661FEE42}.Release|Any CPU.Build.0 = Release|Any CPU
	EndGlobalSection
	GlobalSection(SolutionProperties) = preSolution
		HideSolutionNode = FALSE
	EndGlobalSection
	GlobalSection(ExtensibilityGlobals) = postSolution
		SolutionGuid = {F64D77D5-55F6-4F1E-BD60-BE9144B3D4BC}
	EndGlobalSection
EndGlobal
