
Microsoft Visual Studio Solution File, Format Version 12.00
# Visual Studio 15
VisualStudioVersion = 15.0.27703.2026
MinimumVisualStudioVersion = 10.0.40219.1
Project("{9A19103F-16F7-4668-BE54-9A1E7A4F7556}") = "Jupiter.Api", "Jupiter.Api\Jupiter.Api.csproj", "{60022A2F-5DC9-407C-BA8E-342C78422D0C}"
EndProject
Project("{E53339B2-1760-4266-BCC7-CA923CBCF16C}") = "docker-compose", "docker-compose.dcproj", "{B68670E7-9239-43CB-925C-1211B2DE8ADD}"
EndProject
Project("{FAE04EC0-301F-11D3-BF4B-00C04F79EFBC}") = "Jupiter.Api.Tests", "Jupiter.Api.Tests\Jupiter.Api.Tests.csproj", "{20861AFD-DB51-49AB-96ED-C00304413F75}"
EndProject
Global
	GlobalSection(SolutionConfigurationPlatforms) = preSolution
		Debug|Any CPU = Debug|Any CPU
		Release|Any CPU = Release|Any CPU
	EndGlobalSection
	GlobalSection(ProjectConfigurationPlatforms) = postSolution
		{60022A2F-5DC9-407C-BA8E-342C78422D0C}.Debug|Any CPU.ActiveCfg = Debug|Any CPU
		{60022A2F-5DC9-407C-BA8E-342C78422D0C}.Debug|Any CPU.Build.0 = Debug|Any CPU
		{60022A2F-5DC9-407C-BA8E-342C78422D0C}.Release|Any CPU.ActiveCfg = Release|Any CPU
		{60022A2F-5DC9-407C-BA8E-342C78422D0C}.Release|Any CPU.Build.0 = Release|Any CPU
		{B68670E7-9239-43CB-925C-1211B2DE8ADD}.Debug|Any CPU.ActiveCfg = Debug|Any CPU
		{B68670E7-9239-43CB-925C-1211B2DE8ADD}.Debug|Any CPU.Build.0 = Debug|Any CPU
		{B68670E7-9239-43CB-925C-1211B2DE8ADD}.Release|Any CPU.ActiveCfg = Release|Any CPU
		{B68670E7-9239-43CB-925C-1211B2DE8ADD}.Release|Any CPU.Build.0 = Release|Any CPU
		{20861AFD-DB51-49AB-96ED-C00304413F75}.Debug|Any CPU.ActiveCfg = Debug|Any CPU
		{20861AFD-DB51-49AB-96ED-C00304413F75}.Debug|Any CPU.Build.0 = Debug|Any CPU
		{20861AFD-DB51-49AB-96ED-C00304413F75}.Release|Any CPU.ActiveCfg = Release|Any CPU
		{20861AFD-DB51-49AB-96ED-C00304413F75}.Release|Any CPU.Build.0 = Release|Any CPU
	EndGlobalSection
	GlobalSection(SolutionProperties) = preSolution
		HideSolutionNode = FALSE
	EndGlobalSection
	GlobalSection(ExtensibilityGlobals) = postSolution
		SolutionGuid = {C1BC9CA8-9F1E-4D64-A5DE-1E35479F3777}
	EndGlobalSection
EndGlobal
